// !$*UTF8*$!
{
	archiveVersion = 1;
	classes = {
	};
	objectVersion = 46;
	objects = {

/* Begin PBXBuildFile section */
		4728F16E0F5D9CC3003BD129 /* PCSC.framework in Frameworks */ = {isa = PBXBuildFile; fileRef = 4728F16D0F5D9CC3003BD129 /* PCSC.framework */; };
		47B5F0BA0F5E61B8007B9806 /* EstEID_utility.cpp in Sources */ = {isa = PBXBuildFile; fileRef = 47B5F0B90F5E61B8007B9806 /* EstEID_utility.cpp */; };
		47C251950F5C80F1007D49BD /* CoreFoundation.framework in Frameworks */ = {isa = PBXBuildFile; fileRef = 47C251940F5C80F1007D49BD /* CoreFoundation.framework */; };
		4EDF7BB21A150B0900C28796 /* libcrypto.dylib in Frameworks */ = {isa = PBXBuildFile; fileRef = 4EDF7BB11A150B0900C28796 /* libcrypto.dylib */; };
		4EDF7BB51A150D9A00C28796 /* Certificate.cpp in Sources */ = {isa = PBXBuildFile; fileRef = 4EDF7BB31A150D9A00C28796 /* Certificate.cpp */; };
		52B260680BC5A864007E00F1 /* esteid_csp_capabilities.mdsinfo in Resources */ = {isa = PBXBuildFile; fileRef = 4C5C1CE8073065EA00AECB7F /* esteid_csp_capabilities.mdsinfo */; };
		52B260690BC5A864007E00F1 /* esteid_csp_capabilities_common.mds in Resources */ = {isa = PBXBuildFile; fileRef = 4C5C1CE9073065EA00AECB7F /* esteid_csp_capabilities_common.mds */; };
		52B2606A0BC5A864007E00F1 /* esteid_csp_primary.mdsinfo in Resources */ = {isa = PBXBuildFile; fileRef = 4C5C1CEA073065EA00AECB7F /* esteid_csp_primary.mdsinfo */; };
		52B2606B0BC5A864007E00F1 /* esteid_dl_primary.mdsinfo in Resources */ = {isa = PBXBuildFile; fileRef = 4C5C1CEB073065EA00AECB7F /* esteid_dl_primary.mdsinfo */; };
		52B2606C0BC5A864007E00F1 /* esteid_smartcard.mdsinfo in Resources */ = {isa = PBXBuildFile; fileRef = 4C5C1CEC073065EA00AECB7F /* esteid_smartcard.mdsinfo */; };
		52B2606E0BC5A864007E00F1 /* esteid.cpp in Sources */ = {isa = PBXBuildFile; fileRef = 4C86D3A0070B4122006A0C7F /* esteid.cpp */; };
		52B2606F0BC5A864007E00F1 /* EstEIDError.cpp in Sources */ = {isa = PBXBuildFile; fileRef = 4C86D3A3070B4122006A0C7F /* EstEIDError.cpp */; };
		52B260700BC5A864007E00F1 /* EstEIDKeyHandle.cpp in Sources */ = {isa = PBXBuildFile; fileRef = 4C86D3A5070B4122006A0C7F /* EstEIDKeyHandle.cpp */; };
		52B260710BC5A864007E00F1 /* EstEIDRecord.cpp in Sources */ = {isa = PBXBuildFile; fileRef = 4C86D3A7070B4122006A0C7F /* EstEIDRecord.cpp */; };
		52B260720BC5A864007E00F1 /* EstEIDSchema.cpp in Sources */ = {isa = PBXBuildFile; fileRef = 4C86D3A9070B4122006A0C7F /* EstEIDSchema.cpp */; };
		52B260730BC5A864007E00F1 /* EstEIDToken.cpp in Sources */ = {isa = PBXBuildFile; fileRef = 4C86D3AB070B4122006A0C7F /* EstEIDToken.cpp */; };
		F60B657317FD810A004772D7 /* EstEIDManager.cpp in Sources */ = {isa = PBXBuildFile; fileRef = F60B657117FD810A004772D7 /* EstEIDManager.cpp */; };
		F60B657617FD8355004772D7 /* SCardLog.cpp in Sources */ = {isa = PBXBuildFile; fileRef = F60B657417FD8355004772D7 /* SCardLog.cpp */; };
		F6864BC5178D802A0066A43F /* AUTHORS in Resources */ = {isa = PBXBuildFile; fileRef = F6864BC2178D802A0066A43F /* AUTHORS */; };
		F6864BC7178D802A0066A43F /* LICENSE.LGPL in Resources */ = {isa = PBXBuildFile; fileRef = F6864BC4178D802A0066A43F /* LICENSE.LGPL */; };
		F6ABAFE81755F011006FA2E1 /* AUTHORS in Resources */ = {isa = PBXBuildFile; fileRef = F6ABAFB11755F010006FA2E1 /* AUTHORS */; };
		F6ABAFED1755F011006FA2E1 /* CardBase.cpp in Sources */ = {isa = PBXBuildFile; fileRef = F6ABAFB61755F010006FA2E1 /* CardBase.cpp */; };
		F6ABB0021755F011006FA2E1 /* locked_allocator.cpp in Sources */ = {isa = PBXBuildFile; fileRef = F6ABAFD51755F011006FA2E1 /* locked_allocator.cpp */; };
		F6ABB0041755F011006FA2E1 /* PCSCManager.cpp in Sources */ = {isa = PBXBuildFile; fileRef = F6ABAFDA1755F011006FA2E1 /* PCSCManager.cpp */; };
		F6ABB0051755F011006FA2E1 /* SCError.cpp in Sources */ = {isa = PBXBuildFile; fileRef = F6ABAFDD1755F011006FA2E1 /* SCError.cpp */; };
		F6DBFE96171FCC4600B51D4F /* Adornment.cpp in Sources */ = {isa = PBXBuildFile; fileRef = F6DBFE74171FCC4600B51D4F /* Adornment.cpp */; };
		F6DBFE97171FCC4600B51D4F /* Attribute.cpp in Sources */ = {isa = PBXBuildFile; fileRef = F6DBFE76171FCC4600B51D4F /* Attribute.cpp */; };
		F6DBFE98171FCC4600B51D4F /* AttributeCoder.cpp in Sources */ = {isa = PBXBuildFile; fileRef = F6DBFE78171FCC4600B51D4F /* AttributeCoder.cpp */; };
		F6DBFE99171FCC4600B51D4F /* Cursor.cpp in Sources */ = {isa = PBXBuildFile; fileRef = F6DBFE7A171FCC4600B51D4F /* Cursor.cpp */; };
		F6DBFE9A171FCC4600B51D4F /* DbValue.cpp in Sources */ = {isa = PBXBuildFile; fileRef = F6DBFE7C171FCC4600B51D4F /* DbValue.cpp */; };
		F6DBFE9B171FCC4600B51D4F /* KeyHandle.cpp in Sources */ = {isa = PBXBuildFile; fileRef = F6DBFE7E171FCC4600B51D4F /* KeyHandle.cpp */; };
		F6DBFE9C171FCC4600B51D4F /* MetaAttribute.cpp in Sources */ = {isa = PBXBuildFile; fileRef = F6DBFE80171FCC4600B51D4F /* MetaAttribute.cpp */; };
		F6DBFE9D171FCC4600B51D4F /* MetaRecord.cpp in Sources */ = {isa = PBXBuildFile; fileRef = F6DBFE82171FCC4600B51D4F /* MetaRecord.cpp */; };
		F6DBFE9E171FCC4600B51D4F /* PKCS11Object.cpp in Sources */ = {isa = PBXBuildFile; fileRef = F6DBFE84171FCC4600B51D4F /* PKCS11Object.cpp */; };
		F6DBFE9F171FCC4600B51D4F /* Record.cpp in Sources */ = {isa = PBXBuildFile; fileRef = F6DBFE86171FCC4600B51D4F /* Record.cpp */; };
		F6DBFEA0171FCC4600B51D4F /* RecordHandle.cpp in Sources */ = {isa = PBXBuildFile; fileRef = F6DBFE88171FCC4600B51D4F /* RecordHandle.cpp */; };
		F6DBFEA1171FCC4600B51D4F /* Relation.cpp in Sources */ = {isa = PBXBuildFile; fileRef = F6DBFE8A171FCC4600B51D4F /* Relation.cpp */; };
		F6DBFEA2171FCC4600B51D4F /* SCardError.cpp in Sources */ = {isa = PBXBuildFile; fileRef = F6DBFE8C171FCC4600B51D4F /* SCardError.cpp */; };
		F6DBFEA3171FCC4600B51D4F /* Schema.cpp in Sources */ = {isa = PBXBuildFile; fileRef = F6DBFE8E171FCC4600B51D4F /* Schema.cpp */; };
		F6DBFEA4171FCC4600B51D4F /* SelectionPredicate.cpp in Sources */ = {isa = PBXBuildFile; fileRef = F6DBFE90171FCC4600B51D4F /* SelectionPredicate.cpp */; };
		F6DBFEA5171FCC4600B51D4F /* Token.cpp in Sources */ = {isa = PBXBuildFile; fileRef = F6DBFE92171FCC4600B51D4F /* Token.cpp */; };
		F6DBFEA6171FCC4600B51D4F /* TokenContext.cpp in Sources */ = {isa = PBXBuildFile; fileRef = F6DBFE94171FCC4600B51D4F /* TokenContext.cpp */; };
/* End PBXBuildFile section */

/* Begin PBXFileReference section */
		4728F16D0F5D9CC3003BD129 /* PCSC.framework */ = {isa = PBXFileReference; lastKnownFileType = wrapper.framework; name = PCSC.framework; path = /System/Library/Frameworks/PCSC.framework; sourceTree = "<absolute>"; };
		47B5F0B80F5E619E007B9806 /* EstEID_utility.h */ = {isa = PBXFileReference; fileEncoding = 4; lastKnownFileType = sourcecode.c.h; path = EstEID_utility.h; sourceTree = "<group>"; };
		47B5F0B90F5E61B8007B9806 /* EstEID_utility.cpp */ = {isa = PBXFileReference; fileEncoding = 4; lastKnownFileType = sourcecode.cpp.cpp; path = EstEID_utility.cpp; sourceTree = "<group>"; };
		47C251940F5C80F1007D49BD /* CoreFoundation.framework */ = {isa = PBXFileReference; lastKnownFileType = wrapper.framework; name = CoreFoundation.framework; path = /System/Library/Frameworks/CoreFoundation.framework; sourceTree = "<absolute>"; };
		4C5C1CE8073065EA00AECB7F /* esteid_csp_capabilities.mdsinfo */ = {isa = PBXFileReference; fileEncoding = 30; lastKnownFileType = text.xml; name = esteid_csp_capabilities.mdsinfo; path = EstEID/mds/esteid_csp_capabilities.mdsinfo; sourceTree = SOURCE_ROOT; };
		4C5C1CE9073065EA00AECB7F /* esteid_csp_capabilities_common.mds */ = {isa = PBXFileReference; fileEncoding = 30; lastKnownFileType = text.xml; name = esteid_csp_capabilities_common.mds; path = EstEID/mds/esteid_csp_capabilities_common.mds; sourceTree = SOURCE_ROOT; };
		4C5C1CEA073065EA00AECB7F /* esteid_csp_primary.mdsinfo */ = {isa = PBXFileReference; fileEncoding = 30; lastKnownFileType = text.xml; name = esteid_csp_primary.mdsinfo; path = EstEID/mds/esteid_csp_primary.mdsinfo; sourceTree = SOURCE_ROOT; };
		4C5C1CEB073065EA00AECB7F /* esteid_dl_primary.mdsinfo */ = {isa = PBXFileReference; fileEncoding = 30; lastKnownFileType = text.xml; name = esteid_dl_primary.mdsinfo; path = EstEID/mds/esteid_dl_primary.mdsinfo; sourceTree = SOURCE_ROOT; };
		4C5C1CEC073065EA00AECB7F /* esteid_smartcard.mdsinfo */ = {isa = PBXFileReference; fileEncoding = 30; lastKnownFileType = text.xml; name = esteid_smartcard.mdsinfo; path = EstEID/mds/esteid_smartcard.mdsinfo; sourceTree = SOURCE_ROOT; };
		4C86D3A0070B4122006A0C7F /* esteid.cpp */ = {isa = PBXFileReference; fileEncoding = 30; lastKnownFileType = sourcecode.cpp.cpp; path = esteid.cpp; sourceTree = "<group>"; };
		4C86D3A3070B4122006A0C7F /* EstEIDError.cpp */ = {isa = PBXFileReference; fileEncoding = 30; lastKnownFileType = sourcecode.cpp.cpp; path = EstEIDError.cpp; sourceTree = "<group>"; };
		4C86D3A4070B4122006A0C7F /* EstEIDError.h */ = {isa = PBXFileReference; fileEncoding = 30; lastKnownFileType = sourcecode.c.h; path = EstEIDError.h; sourceTree = "<group>"; };
		4C86D3A5070B4122006A0C7F /* EstEIDKeyHandle.cpp */ = {isa = PBXFileReference; fileEncoding = 30; lastKnownFileType = sourcecode.cpp.cpp; path = EstEIDKeyHandle.cpp; sourceTree = "<group>"; };
		4C86D3A6070B4122006A0C7F /* EstEIDKeyHandle.h */ = {isa = PBXFileReference; fileEncoding = 30; lastKnownFileType = sourcecode.c.h; path = EstEIDKeyHandle.h; sourceTree = "<group>"; };
		4C86D3A7070B4122006A0C7F /* EstEIDRecord.cpp */ = {isa = PBXFileReference; fileEncoding = 30; lastKnownFileType = sourcecode.cpp.cpp; path = EstEIDRecord.cpp; sourceTree = "<group>"; };
		4C86D3A8070B4122006A0C7F /* EstEIDRecord.h */ = {isa = PBXFileReference; fileEncoding = 30; lastKnownFileType = sourcecode.c.h; path = EstEIDRecord.h; sourceTree = "<group>"; };
		4C86D3A9070B4122006A0C7F /* EstEIDSchema.cpp */ = {isa = PBXFileReference; fileEncoding = 30; lastKnownFileType = sourcecode.cpp.cpp; path = EstEIDSchema.cpp; sourceTree = "<group>"; };
		4C86D3AA070B4122006A0C7F /* EstEIDSchema.h */ = {isa = PBXFileReference; fileEncoding = 30; lastKnownFileType = sourcecode.c.h; path = EstEIDSchema.h; sourceTree = "<group>"; };
		4C86D3AB070B4122006A0C7F /* EstEIDToken.cpp */ = {isa = PBXFileReference; fileEncoding = 30; lastKnownFileType = sourcecode.cpp.cpp; path = EstEIDToken.cpp; sourceTree = "<group>"; };
		4C86D3AC070B4122006A0C7F /* EstEIDToken.h */ = {isa = PBXFileReference; fileEncoding = 30; lastKnownFileType = sourcecode.c.h; path = EstEIDToken.h; sourceTree = "<group>"; };
		4C86D3AD070B4122006A0C7F /* Info.plist */ = {isa = PBXFileReference; fileEncoding = 30; lastKnownFileType = text.plist.xml; path = Info.plist; sourceTree = "<group>"; };
		4EDF7BB11A150B0900C28796 /* libcrypto.dylib */ = {isa = PBXFileReference; lastKnownFileType = "compiled.mach-o.dylib"; name = libcrypto.dylib; path = usr/lib/libcrypto.dylib; sourceTree = SDKROOT; };
		4EDF7BB31A150D9A00C28796 /* Certificate.cpp */ = {isa = PBXFileReference; fileEncoding = 4; lastKnownFileType = sourcecode.cpp.cpp; path = Certificate.cpp; sourceTree = "<group>"; };
		4EDF7BB41A150D9A00C28796 /* Certificate.h */ = {isa = PBXFileReference; fileEncoding = 4; lastKnownFileType = sourcecode.c.h; path = Certificate.h; sourceTree = "<group>"; };
		52B2607B0BC5A864007E00F1 /* EstEID.tokend */ = {isa = PBXFileReference; explicitFileType = wrapper.application; includeInIndex = 0; path = EstEID.tokend; sourceTree = BUILT_PRODUCTS_DIR; };
		F60B657117FD810A004772D7 /* EstEIDManager.cpp */ = {isa = PBXFileReference; fileEncoding = 4; lastKnownFileType = sourcecode.cpp.cpp; path = EstEIDManager.cpp; sourceTree = "<group>"; };
		F60B657217FD810A004772D7 /* EstEIDManager.h */ = {isa = PBXFileReference; fileEncoding = 4; lastKnownFileType = sourcecode.c.h; path = EstEIDManager.h; sourceTree = "<group>"; };
		F60B657417FD8355004772D7 /* SCardLog.cpp */ = {isa = PBXFileReference; fileEncoding = 4; lastKnownFileType = sourcecode.cpp.cpp; path = SCardLog.cpp; sourceTree = "<group>"; };
		F60B657517FD8355004772D7 /* SCardLog.h */ = {isa = PBXFileReference; fileEncoding = 4; lastKnownFileType = sourcecode.c.h; path = SCardLog.h; sourceTree = "<group>"; };
		F6864BC2178D802A0066A43F /* AUTHORS */ = {isa = PBXFileReference; fileEncoding = 4; lastKnownFileType = text; path = AUTHORS; sourceTree = "<group>"; };
		F6864BC4178D802A0066A43F /* LICENSE.LGPL */ = {isa = PBXFileReference; fileEncoding = 4; lastKnownFileType = text; path = LICENSE.LGPL; sourceTree = "<group>"; };
		F6ABAFB11755F010006FA2E1 /* AUTHORS */ = {isa = PBXFileReference; fileEncoding = 4; lastKnownFileType = text; path = AUTHORS; sourceTree = "<group>"; };
		F6ABAFB61755F010006FA2E1 /* CardBase.cpp */ = {isa = PBXFileReference; fileEncoding = 4; lastKnownFileType = sourcecode.cpp.cpp; path = CardBase.cpp; sourceTree = "<group>"; };
		F6ABAFB71755F010006FA2E1 /* CardBase.h */ = {isa = PBXFileReference; fileEncoding = 4; lastKnownFileType = sourcecode.c.h; path = CardBase.h; sourceTree = "<group>"; };
		F6ABAFC81755F010006FA2E1 /* common.h */ = {isa = PBXFileReference; fileEncoding = 4; lastKnownFileType = sourcecode.c.h; path = common.h; sourceTree = "<group>"; };
		F6ABAFD11755F010006FA2E1 /* helperMacro.h */ = {isa = PBXFileReference; fileEncoding = 4; lastKnownFileType = sourcecode.c.h; path = helperMacro.h; sourceTree = "<group>"; };
		F6ABAFD51755F011006FA2E1 /* locked_allocator.cpp */ = {isa = PBXFileReference; fileEncoding = 4; lastKnownFileType = sourcecode.cpp.cpp; path = locked_allocator.cpp; sourceTree = "<group>"; };
		F6ABAFD61755F011006FA2E1 /* locked_allocator.h */ = {isa = PBXFileReference; fileEncoding = 4; lastKnownFileType = sourcecode.c.h; path = locked_allocator.h; sourceTree = "<group>"; };
		F6ABAFDA1755F011006FA2E1 /* PCSCManager.cpp */ = {isa = PBXFileReference; fileEncoding = 4; lastKnownFileType = sourcecode.cpp.cpp; path = PCSCManager.cpp; sourceTree = "<group>"; };
		F6ABAFDB1755F011006FA2E1 /* PCSCManager.h */ = {isa = PBXFileReference; fileEncoding = 4; lastKnownFileType = sourcecode.c.h; path = PCSCManager.h; sourceTree = "<group>"; };
		F6ABAFDD1755F011006FA2E1 /* SCError.cpp */ = {isa = PBXFileReference; fileEncoding = 4; lastKnownFileType = sourcecode.cpp.cpp; path = SCError.cpp; sourceTree = "<group>"; };
		F6ABAFDE1755F011006FA2E1 /* SCError.h */ = {isa = PBXFileReference; fileEncoding = 4; lastKnownFileType = sourcecode.c.h; path = SCError.h; sourceTree = "<group>"; };
		F6DBFE74171FCC4600B51D4F /* Adornment.cpp */ = {isa = PBXFileReference; fileEncoding = 4; lastKnownFileType = sourcecode.cpp.cpp; path = Adornment.cpp; sourceTree = "<group>"; };
		F6DBFE75171FCC4600B51D4F /* Adornment.h */ = {isa = PBXFileReference; fileEncoding = 4; lastKnownFileType = sourcecode.c.h; path = Adornment.h; sourceTree = "<group>"; };
		F6DBFE76171FCC4600B51D4F /* Attribute.cpp */ = {isa = PBXFileReference; fileEncoding = 4; lastKnownFileType = sourcecode.cpp.cpp; path = Attribute.cpp; sourceTree = "<group>"; };
		F6DBFE77171FCC4600B51D4F /* Attribute.h */ = {isa = PBXFileReference; fileEncoding = 4; lastKnownFileType = sourcecode.c.h; path = Attribute.h; sourceTree = "<group>"; };
		F6DBFE78171FCC4600B51D4F /* AttributeCoder.cpp */ = {isa = PBXFileReference; fileEncoding = 4; lastKnownFileType = sourcecode.cpp.cpp; path = AttributeCoder.cpp; sourceTree = "<group>"; };
		F6DBFE79171FCC4600B51D4F /* AttributeCoder.h */ = {isa = PBXFileReference; fileEncoding = 4; lastKnownFileType = sourcecode.c.h; path = AttributeCoder.h; sourceTree = "<group>"; };
		F6DBFE7A171FCC4600B51D4F /* Cursor.cpp */ = {isa = PBXFileReference; fileEncoding = 4; lastKnownFileType = sourcecode.cpp.cpp; path = Cursor.cpp; sourceTree = "<group>"; };
		F6DBFE7B171FCC4600B51D4F /* Cursor.h */ = {isa = PBXFileReference; fileEncoding = 4; lastKnownFileType = sourcecode.c.h; path = Cursor.h; sourceTree = "<group>"; };
		F6DBFE7C171FCC4600B51D4F /* DbValue.cpp */ = {isa = PBXFileReference; fileEncoding = 4; lastKnownFileType = sourcecode.cpp.cpp; path = DbValue.cpp; sourceTree = "<group>"; };
		F6DBFE7D171FCC4600B51D4F /* DbValue.h */ = {isa = PBXFileReference; fileEncoding = 4; lastKnownFileType = sourcecode.c.h; path = DbValue.h; sourceTree = "<group>"; };
		F6DBFE7E171FCC4600B51D4F /* KeyHandle.cpp */ = {isa = PBXFileReference; fileEncoding = 4; lastKnownFileType = sourcecode.cpp.cpp; path = KeyHandle.cpp; sourceTree = "<group>"; };
		F6DBFE7F171FCC4600B51D4F /* KeyHandle.h */ = {isa = PBXFileReference; fileEncoding = 4; lastKnownFileType = sourcecode.c.h; path = KeyHandle.h; sourceTree = "<group>"; };
		F6DBFE80171FCC4600B51D4F /* MetaAttribute.cpp */ = {isa = PBXFileReference; fileEncoding = 4; lastKnownFileType = sourcecode.cpp.cpp; path = MetaAttribute.cpp; sourceTree = "<group>"; };
		F6DBFE81171FCC4600B51D4F /* MetaAttribute.h */ = {isa = PBXFileReference; fileEncoding = 4; lastKnownFileType = sourcecode.c.h; path = MetaAttribute.h; sourceTree = "<group>"; };
		F6DBFE82171FCC4600B51D4F /* MetaRecord.cpp */ = {isa = PBXFileReference; fileEncoding = 4; lastKnownFileType = sourcecode.cpp.cpp; path = MetaRecord.cpp; sourceTree = "<group>"; };
		F6DBFE83171FCC4600B51D4F /* MetaRecord.h */ = {isa = PBXFileReference; fileEncoding = 4; lastKnownFileType = sourcecode.c.h; path = MetaRecord.h; sourceTree = "<group>"; };
		F6DBFE84171FCC4600B51D4F /* PKCS11Object.cpp */ = {isa = PBXFileReference; fileEncoding = 4; lastKnownFileType = sourcecode.cpp.cpp; path = PKCS11Object.cpp; sourceTree = "<group>"; };
		F6DBFE85171FCC4600B51D4F /* PKCS11Object.h */ = {isa = PBXFileReference; fileEncoding = 4; lastKnownFileType = sourcecode.c.h; path = PKCS11Object.h; sourceTree = "<group>"; };
		F6DBFE86171FCC4600B51D4F /* Record.cpp */ = {isa = PBXFileReference; fileEncoding = 4; lastKnownFileType = sourcecode.cpp.cpp; path = Record.cpp; sourceTree = "<group>"; };
		F6DBFE87171FCC4600B51D4F /* Record.h */ = {isa = PBXFileReference; fileEncoding = 4; lastKnownFileType = sourcecode.c.h; path = Record.h; sourceTree = "<group>"; };
		F6DBFE88171FCC4600B51D4F /* RecordHandle.cpp */ = {isa = PBXFileReference; fileEncoding = 4; lastKnownFileType = sourcecode.cpp.cpp; path = RecordHandle.cpp; sourceTree = "<group>"; };
		F6DBFE89171FCC4600B51D4F /* RecordHandle.h */ = {isa = PBXFileReference; fileEncoding = 4; lastKnownFileType = sourcecode.c.h; path = RecordHandle.h; sourceTree = "<group>"; };
		F6DBFE8A171FCC4600B51D4F /* Relation.cpp */ = {isa = PBXFileReference; fileEncoding = 4; lastKnownFileType = sourcecode.cpp.cpp; path = Relation.cpp; sourceTree = "<group>"; };
		F6DBFE8B171FCC4600B51D4F /* Relation.h */ = {isa = PBXFileReference; fileEncoding = 4; lastKnownFileType = sourcecode.c.h; path = Relation.h; sourceTree = "<group>"; };
		F6DBFE8C171FCC4600B51D4F /* SCardError.cpp */ = {isa = PBXFileReference; fileEncoding = 4; lastKnownFileType = sourcecode.cpp.cpp; path = SCardError.cpp; sourceTree = "<group>"; };
		F6DBFE8D171FCC4600B51D4F /* SCardError.h */ = {isa = PBXFileReference; fileEncoding = 4; lastKnownFileType = sourcecode.c.h; path = SCardError.h; sourceTree = "<group>"; };
		F6DBFE8E171FCC4600B51D4F /* Schema.cpp */ = {isa = PBXFileReference; fileEncoding = 4; lastKnownFileType = sourcecode.cpp.cpp; path = Schema.cpp; sourceTree = "<group>"; };
		F6DBFE8F171FCC4600B51D4F /* Schema.h */ = {isa = PBXFileReference; fileEncoding = 4; lastKnownFileType = sourcecode.c.h; path = Schema.h; sourceTree = "<group>"; };
		F6DBFE90171FCC4600B51D4F /* SelectionPredicate.cpp */ = {isa = PBXFileReference; fileEncoding = 4; lastKnownFileType = sourcecode.cpp.cpp; path = SelectionPredicate.cpp; sourceTree = "<group>"; };
		F6DBFE91171FCC4600B51D4F /* SelectionPredicate.h */ = {isa = PBXFileReference; fileEncoding = 4; lastKnownFileType = sourcecode.c.h; path = SelectionPredicate.h; sourceTree = "<group>"; };
		F6DBFE92171FCC4600B51D4F /* Token.cpp */ = {isa = PBXFileReference; fileEncoding = 4; lastKnownFileType = sourcecode.cpp.cpp; path = Token.cpp; sourceTree = "<group>"; };
		F6DBFE93171FCC4600B51D4F /* Token.h */ = {isa = PBXFileReference; fileEncoding = 4; lastKnownFileType = sourcecode.c.h; path = Token.h; sourceTree = "<group>"; };
		F6DBFE94171FCC4600B51D4F /* TokenContext.cpp */ = {isa = PBXFileReference; fileEncoding = 4; lastKnownFileType = sourcecode.cpp.cpp; path = TokenContext.cpp; sourceTree = "<group>"; };
		F6DBFE95171FCC4600B51D4F /* TokenContext.h */ = {isa = PBXFileReference; fileEncoding = 4; lastKnownFileType = sourcecode.c.h; path = TokenContext.h; sourceTree = "<group>"; };
/* End PBXFileReference section */

/* Begin PBXFrameworksBuildPhase section */
		52B260740BC5A864007E00F1 /* Frameworks */ = {
			isa = PBXFrameworksBuildPhase;
			buildActionMask = 2147483647;
			files = (
				4EDF7BB21A150B0900C28796 /* libcrypto.dylib in Frameworks */,
				47C251950F5C80F1007D49BD /* CoreFoundation.framework in Frameworks */,
				4728F16E0F5D9CC3003BD129 /* PCSC.framework in Frameworks */,
			);
			runOnlyForDeploymentPostprocessing = 0;
		};
/* End PBXFrameworksBuildPhase section */

/* Begin PBXGroup section */
		08FB7794FE84155DC02AAC07 /* TokendEstEID */ = {
			isa = PBXGroup;
			children = (
				F6ABB00A1755F030006FA2E1 /* smartcardpp */,
				F6DBFE73171FCC4600B51D4F /* tokend */,
				4C86D39F070B4122006A0C7F /* EstEID */,
				4CA858F0065441220083DED3 /* External Frameworks */,
				1AB674ADFE9D54B511CA2CBB /* Products */,
			);
			name = TokendEstEID;
			sourceTree = "<group>";
		};
		1AB674ADFE9D54B511CA2CBB /* Products */ = {
			isa = PBXGroup;
			children = (
				52B2607B0BC5A864007E00F1 /* EstEID.tokend */,
			);
			name = Products;
			sourceTree = "<group>";
		};
		4C5C1CE0073065EA00AECB7F /* mds */ = {
			isa = PBXGroup;
			children = (
				4C5C1CE8073065EA00AECB7F /* esteid_csp_capabilities.mdsinfo */,
				4C5C1CE9073065EA00AECB7F /* esteid_csp_capabilities_common.mds */,
				4C5C1CEA073065EA00AECB7F /* esteid_csp_primary.mdsinfo */,
				4C5C1CEB073065EA00AECB7F /* esteid_dl_primary.mdsinfo */,
				4C5C1CEC073065EA00AECB7F /* esteid_smartcard.mdsinfo */,
			);
			name = mds;
			path = EstEID/mds;
			sourceTree = SOURCE_ROOT;
		};
		4C86D39F070B4122006A0C7F /* EstEID */ = {
			isa = PBXGroup;
			children = (
				4C5C1CE0073065EA00AECB7F /* mds */,
				4C86D3A0070B4122006A0C7F /* esteid.cpp */,
				4C86D3A3070B4122006A0C7F /* EstEIDError.cpp */,
				F6864BC2178D802A0066A43F /* AUTHORS */,
				F6864BC4178D802A0066A43F /* LICENSE.LGPL */,
				4C86D3A4070B4122006A0C7F /* EstEIDError.h */,
				4C86D3A5070B4122006A0C7F /* EstEIDKeyHandle.cpp */,
				4C86D3A6070B4122006A0C7F /* EstEIDKeyHandle.h */,
				4C86D3A7070B4122006A0C7F /* EstEIDRecord.cpp */,
				4C86D3A8070B4122006A0C7F /* EstEIDRecord.h */,
				4C86D3A9070B4122006A0C7F /* EstEIDSchema.cpp */,
				4C86D3AA070B4122006A0C7F /* EstEIDSchema.h */,
				4C86D3AB070B4122006A0C7F /* EstEIDToken.cpp */,
				4C86D3AC070B4122006A0C7F /* EstEIDToken.h */,
				4C86D3AD070B4122006A0C7F /* Info.plist */,
				47B5F0B80F5E619E007B9806 /* EstEID_utility.h */,
				47B5F0B90F5E61B8007B9806 /* EstEID_utility.cpp */,
			);
			path = EstEID;
			sourceTree = "<group>";
		};
		4CA858F0065441220083DED3 /* External Frameworks */ = {
			isa = PBXGroup;
			children = (
				4EDF7BB11A150B0900C28796 /* libcrypto.dylib */,
				4728F16D0F5D9CC3003BD129 /* PCSC.framework */,
				47C251940F5C80F1007D49BD /* CoreFoundation.framework */,
			);
			name = "External Frameworks";
			sourceTree = "<group>";
		};
		F6ABB00A1755F030006FA2E1 /* smartcardpp */ = {
			isa = PBXGroup;
			children = (
				4EDF7BB31A150D9A00C28796 /* Certificate.cpp */,
				4EDF7BB41A150D9A00C28796 /* Certificate.h */,
				F6ABAFB11755F010006FA2E1 /* AUTHORS */,
				F6ABAFB61755F010006FA2E1 /* CardBase.cpp */,
				F6ABAFB71755F010006FA2E1 /* CardBase.h */,
				F6ABAFC81755F010006FA2E1 /* common.h */,
				F6ABAFD11755F010006FA2E1 /* helperMacro.h */,
				F6ABAFD51755F011006FA2E1 /* locked_allocator.cpp */,
				F6ABAFD61755F011006FA2E1 /* locked_allocator.h */,
				F6ABAFDA1755F011006FA2E1 /* PCSCManager.cpp */,
				F6ABAFDB1755F011006FA2E1 /* PCSCManager.h */,
				F6ABAFDD1755F011006FA2E1 /* SCError.cpp */,
				F6ABAFDE1755F011006FA2E1 /* SCError.h */,
				F60B657117FD810A004772D7 /* EstEIDManager.cpp */,
				F60B657217FD810A004772D7 /* EstEIDManager.h */,
				F60B657417FD8355004772D7 /* SCardLog.cpp */,
				F60B657517FD8355004772D7 /* SCardLog.h */,
			);
			name = smartcardpp;
			path = ../smartcardpp;
			sourceTree = "<group>";
		};
		F6DBFE73171FCC4600B51D4F /* tokend */ = {
			isa = PBXGroup;
			children = (
				F6DBFE74171FCC4600B51D4F /* Adornment.cpp */,
				F6DBFE75171FCC4600B51D4F /* Adornment.h */,
				F6DBFE76171FCC4600B51D4F /* Attribute.cpp */,
				F6DBFE77171FCC4600B51D4F /* Attribute.h */,
				F6DBFE78171FCC4600B51D4F /* AttributeCoder.cpp */,
				F6DBFE79171FCC4600B51D4F /* AttributeCoder.h */,
				F6DBFE7A171FCC4600B51D4F /* Cursor.cpp */,
				F6DBFE7B171FCC4600B51D4F /* Cursor.h */,
				F6DBFE7C171FCC4600B51D4F /* DbValue.cpp */,
				F6DBFE7D171FCC4600B51D4F /* DbValue.h */,
				F6DBFE7E171FCC4600B51D4F /* KeyHandle.cpp */,
				F6DBFE7F171FCC4600B51D4F /* KeyHandle.h */,
				F6DBFE80171FCC4600B51D4F /* MetaAttribute.cpp */,
				F6DBFE81171FCC4600B51D4F /* MetaAttribute.h */,
				F6DBFE82171FCC4600B51D4F /* MetaRecord.cpp */,
				F6DBFE83171FCC4600B51D4F /* MetaRecord.h */,
				F6DBFE84171FCC4600B51D4F /* PKCS11Object.cpp */,
				F6DBFE85171FCC4600B51D4F /* PKCS11Object.h */,
				F6DBFE86171FCC4600B51D4F /* Record.cpp */,
				F6DBFE87171FCC4600B51D4F /* Record.h */,
				F6DBFE88171FCC4600B51D4F /* RecordHandle.cpp */,
				F6DBFE89171FCC4600B51D4F /* RecordHandle.h */,
				F6DBFE8A171FCC4600B51D4F /* Relation.cpp */,
				F6DBFE8B171FCC4600B51D4F /* Relation.h */,
				F6DBFE8C171FCC4600B51D4F /* SCardError.cpp */,
				F6DBFE8D171FCC4600B51D4F /* SCardError.h */,
				F6DBFE8E171FCC4600B51D4F /* Schema.cpp */,
				F6DBFE8F171FCC4600B51D4F /* Schema.h */,
				F6DBFE90171FCC4600B51D4F /* SelectionPredicate.cpp */,
				F6DBFE91171FCC4600B51D4F /* SelectionPredicate.h */,
				F6DBFE92171FCC4600B51D4F /* Token.cpp */,
				F6DBFE93171FCC4600B51D4F /* Token.h */,
				F6DBFE94171FCC4600B51D4F /* TokenContext.cpp */,
				F6DBFE95171FCC4600B51D4F /* TokenContext.h */,
			);
			path = tokend;
			sourceTree = "<group>";
		};
/* End PBXGroup section */

/* Begin PBXNativeTarget section */
		52B260640BC5A864007E00F1 /* EstEID */ = {
			isa = PBXNativeTarget;
			buildConfigurationList = 52B260760BC5A864007E00F1 /* Build configuration list for PBXNativeTarget "EstEID" */;
			buildPhases = (
				52B260670BC5A864007E00F1 /* Resources */,
				52B2606D0BC5A864007E00F1 /* Sources */,
				52B260740BC5A864007E00F1 /* Frameworks */,
			);
			buildRules = (
			);
			dependencies = (
			);
			name = EstEID;
			productName = "Common Access Card";
			productReference = 52B2607B0BC5A864007E00F1 /* EstEID.tokend */;
			productType = "com.apple.product-type.application";
		};
/* End PBXNativeTarget section */

/* Begin PBXProject section */
		08FB7793FE84155DC02AAC07 /* Project object */ = {
			isa = PBXProject;
			attributes = {
				LastUpgradeCheck = 0460;
			};
			buildConfigurationList = C27AD2220987FCDC001272E0 /* Build configuration list for PBXProject "Tokend" */;
			compatibilityVersion = "Xcode 3.2";
			developmentRegion = English;
			hasScannedForEncodings = 1;
			knownRegions = (
				en,
			);
			mainGroup = 08FB7794FE84155DC02AAC07 /* TokendEstEID */;
			projectDirPath = "";
			projectRoot = "";
			targets = (
				52B260640BC5A864007E00F1 /* EstEID */,
			);
		};
/* End PBXProject section */

/* Begin PBXResourcesBuildPhase section */
		52B260670BC5A864007E00F1 /* Resources */ = {
			isa = PBXResourcesBuildPhase;
			buildActionMask = 2147483647;
			files = (
				52B260680BC5A864007E00F1 /* esteid_csp_capabilities.mdsinfo in Resources */,
				52B260690BC5A864007E00F1 /* esteid_csp_capabilities_common.mds in Resources */,
				52B2606A0BC5A864007E00F1 /* esteid_csp_primary.mdsinfo in Resources */,
				52B2606B0BC5A864007E00F1 /* esteid_dl_primary.mdsinfo in Resources */,
				52B2606C0BC5A864007E00F1 /* esteid_smartcard.mdsinfo in Resources */,
				F6ABAFE81755F011006FA2E1 /* AUTHORS in Resources */,
				F6864BC5178D802A0066A43F /* AUTHORS in Resources */,
				F6864BC7178D802A0066A43F /* LICENSE.LGPL in Resources */,
			);
			runOnlyForDeploymentPostprocessing = 0;
		};
/* End PBXResourcesBuildPhase section */

/* Begin PBXSourcesBuildPhase section */
		52B2606D0BC5A864007E00F1 /* Sources */ = {
			isa = PBXSourcesBuildPhase;
			buildActionMask = 2147483647;
			files = (
				52B2606E0BC5A864007E00F1 /* esteid.cpp in Sources */,
				F60B657317FD810A004772D7 /* EstEIDManager.cpp in Sources */,
				4EDF7BB51A150D9A00C28796 /* Certificate.cpp in Sources */,
				52B2606F0BC5A864007E00F1 /* EstEIDError.cpp in Sources */,
				52B260700BC5A864007E00F1 /* EstEIDKeyHandle.cpp in Sources */,
				52B260710BC5A864007E00F1 /* EstEIDRecord.cpp in Sources */,
				52B260720BC5A864007E00F1 /* EstEIDSchema.cpp in Sources */,
				52B260730BC5A864007E00F1 /* EstEIDToken.cpp in Sources */,
				47B5F0BA0F5E61B8007B9806 /* EstEID_utility.cpp in Sources */,
				F6DBFE96171FCC4600B51D4F /* Adornment.cpp in Sources */,
				F6DBFE97171FCC4600B51D4F /* Attribute.cpp in Sources */,
				F6DBFE98171FCC4600B51D4F /* AttributeCoder.cpp in Sources */,
				F6DBFE99171FCC4600B51D4F /* Cursor.cpp in Sources */,
				F6DBFE9A171FCC4600B51D4F /* DbValue.cpp in Sources */,
				F6DBFE9B171FCC4600B51D4F /* KeyHandle.cpp in Sources */,
				F6DBFE9C171FCC4600B51D4F /* MetaAttribute.cpp in Sources */,
				F6DBFE9D171FCC4600B51D4F /* MetaRecord.cpp in Sources */,
				F60B657617FD8355004772D7 /* SCardLog.cpp in Sources */,
				F6DBFE9E171FCC4600B51D4F /* PKCS11Object.cpp in Sources */,
				F6DBFE9F171FCC4600B51D4F /* Record.cpp in Sources */,
				F6DBFEA0171FCC4600B51D4F /* RecordHandle.cpp in Sources */,
				F6DBFEA1171FCC4600B51D4F /* Relation.cpp in Sources */,
				F6DBFEA2171FCC4600B51D4F /* SCardError.cpp in Sources */,
				F6DBFEA3171FCC4600B51D4F /* Schema.cpp in Sources */,
				F6DBFEA4171FCC4600B51D4F /* SelectionPredicate.cpp in Sources */,
				F6DBFEA5171FCC4600B51D4F /* Token.cpp in Sources */,
				F6DBFEA6171FCC4600B51D4F /* TokenContext.cpp in Sources */,
				F6ABAFED1755F011006FA2E1 /* CardBase.cpp in Sources */,
				F6ABB0021755F011006FA2E1 /* locked_allocator.cpp in Sources */,
				F6ABB0041755F011006FA2E1 /* PCSCManager.cpp in Sources */,
				F6ABB0051755F011006FA2E1 /* SCError.cpp in Sources */,
			);
			runOnlyForDeploymentPostprocessing = 0;
		};
/* End PBXSourcesBuildPhase section */

/* Begin XCBuildConfiguration section */
		52B260770BC5A864007E00F1 /* Development */ = {
			isa = XCBuildConfiguration;
			buildSettings = {
				ALWAYS_SEARCH_USER_PATHS = YES;
				ARCHS = "$(ARCHS_STANDARD_32_64_BIT)";
				CLANG_ANALYZER_MALLOC = YES;
				COMBINE_HIDPI_IMAGES = YES;
				COPY_PHASE_STRIP = NO;
				CURRENT_PROJECT_VERSION = 35209;
				FRAMEWORK_SEARCH_PATHS = ../Frameworks;
				GCC_DYNAMIC_NO_PIC = NO;
				GCC_GENERATE_DEBUGGING_SYMBOLS = YES;
				GCC_MODEL_TUNING = G5;
				GCC_OPTIMIZATION_LEVEL = 0;
				GCC_PREPROCESSOR_DEFINITIONS = "ESTEID_NAMESPACE=1";
				GCC_WARN_ABOUT_MISSING_PROTOTYPES = YES;
				GCC_WARN_CHECK_SWITCH_STATEMENTS = YES;
				GCC_WARN_HIDDEN_VIRTUAL_FUNCTIONS = YES;
				GCC_WARN_INHIBIT_ALL_WARNINGS = NO;
				GCC_WARN_INITIALIZER_NOT_FULLY_BRACKETED = YES;
				GCC_WARN_MISSING_PARENTHESES = YES;
				GCC_WARN_NON_VIRTUAL_DESTRUCTOR = YES;
				GCC_WARN_PEDANTIC = NO;
				GCC_WARN_SHADOW = NO;
				GCC_WARN_SIGN_COMPARE = YES;
				GCC_WARN_TYPECHECK_CALLS_TO_PRINTF = YES;
				GCC_WARN_UNINITIALIZED_AUTOS = NO;
				GCC_WARN_UNKNOWN_PRAGMAS = YES;
				GCC_WARN_UNUSED_FUNCTION = YES;
				GCC_WARN_UNUSED_LABEL = YES;
				GCC_WARN_UNUSED_PARAMETER = YES;
				GCC_WARN_UNUSED_VALUE = YES;
				GCC_WARN_UNUSED_VARIABLE = YES;
				HEADER_SEARCH_PATHS = (
					../src/,
					./,
					../,
					"$(SRCROOT)/include",
				);
				INFOPLIST_FILE = EstEID/Info.plist;
				INSTALL_PATH = "$(LOCAL_LIBRARY_DIR)/Security/tokend";
				ONLY_ACTIVE_ARCH = YES;
				OPT_CPPXFLAGS = "$(OPT_CXFLAGS) -fno-enforce-eh-specs -fno-implement-inlines";
				OPT_CXFLAGS = "-DNDEBUG $(OPT_INLINEXFLAGS)";
				OPT_INLINEXFLAGS = " -finline-functions";
				OPT_LDXFLAGS = "-dead_strip";
				OPT_LDXNOPIC = ",_nopic";
				OTHER_ASFLAGS_debug = "$(OTHER_CFLAGS)";
				OTHER_ASFLAGS_normal = "$(OTHER_CFLAGS) -DNDEBUG";
				OTHER_ASFLAGS_profile = "-DNDEBUG $(OTHER_CFLAGS) -pg";
				OTHER_CFLAGS_debug = "$(OTHER_CFLAGS) -O0 -fno-inline";
				OTHER_CFLAGS_normal = "$(OPT_CXFLAGS) $(OTHER_CFLAGS)";
				OTHER_CFLAGS_profile = "$(OPT_CXFLAGS) $(OTHER_CFLAGS) -pg";
				OTHER_CPLUSPLUSFLAGS_debug = "$(OTHER_CPLUSPLUSFLAGS) -O0 -fno-inline";
				OTHER_CPLUSPLUSFLAGS_normal = "$(OPT_CPPXFLAGS) $(OTHER_CPLUSPLUSFLAGS)";
				OTHER_CPLUSPLUSFLAGS_profile = "$(OPT_CPPXFLAGS) $(OTHER_CPLUSPLUSFLAGS) -pg";
				OTHER_LDFLAGS_debug = "-framework SecurityTokend,_debug -framework Security,_debug -framework security_cdsa_client,_debug -framework security_cdsa_utilities,_debug -framework security_utilities,_debug";
				OTHER_LDFLAGS_normal = "$(OPT_LDXFLAGS) $(OTHER_LDFLAGS) -v -framework PCSC -framework SecurityTokend -framework Security -framework security_cdsa_client$(OPT_LDXNOPIC) -framework security_cdsa_utilities$(OPT_LDXNOPIC) -framework security_utilities$(OPT_LDXNOPIC)";
				OTHER_LDFLAGS_profile = "$(OPT_LDXFLAGS) $(OTHER_LDFLAGS) -v -pg _profile -framework PCSC,_profile -framework SecurityTokend,_profile -framework Security,_profile -framework security_cdsa_client,_profile  -framework security_cdsa_utilities,_profile -framework security_utilities,_profile";
				PRODUCT_NAME = EstEID;
				USER_HEADER_SEARCH_PATHS = "../src/ ./ ../ $(SRCROOT)/include";
				VERSIONING_SYSTEM = "apple-generic";
				WARNING_CFLAGS = (
					"-Wmost",
					"-Wno-four-char-constants",
					"-Wno-unknown-pragmas",
				);
				WRAPPER_EXTENSION = tokend;
				ZERO_LINK = NO;
			};
			name = Development;
		};
		52B260780BC5A864007E00F1 /* Deployment */ = {
			isa = XCBuildConfiguration;
			buildSettings = {
				ARCHS = "$(ARCHS_STANDARD_32_64_BIT)";
				CLANG_ANALYZER_MALLOC = YES;
				COMBINE_HIDPI_IMAGES = YES;
				CURRENT_PROJECT_VERSION = 35209;
				FRAMEWORK_SEARCH_PATHS = ../Frameworks;
				GCC_DYNAMIC_NO_PIC = YES;
				GCC_GENERATE_DEBUGGING_SYMBOLS = YES;
				GCC_MODEL_TUNING = G5;
				GCC_PREPROCESSOR_DEFINITIONS = "ESTEID_NAMESPACE=1";
				HEADER_SEARCH_PATHS = (
					../src/,
					./,
					../,
					"$(SRCROOT)/include",
				);
				INFOPLIST_FILE = EstEID/Info.plist;
				INSTALL_PATH = "$(LOCAL_LIBRARY_DIR)/Security/tokend";
				ONLY_ACTIVE_ARCH = YES;
				OPT_CPPXFLAGS = "$(OPT_CXFLAGS) -fno-enforce-eh-specs -fno-implement-inlines";
				OPT_CXFLAGS = "-DNDEBUG $(OPT_INLINEXFLAGS)";
				OPT_INLINEXFLAGS = " -finline-functions";
				OPT_LDXFLAGS = "-dead_strip";
				OPT_LDXNOPIC = ",_nopic";
				OTHER_ASFLAGS_debug = "$(OTHER_CFLAGS)";
				OTHER_ASFLAGS_normal = "$(OTHER_CFLAGS) -DNDEBUG";
				OTHER_ASFLAGS_profile = "-DNDEBUG $(OTHER_CFLAGS) -pg";
				OTHER_CFLAGS_debug = "$(OTHER_CFLAGS) -O0 -fno-inline";
				OTHER_CFLAGS_normal = "$(OPT_CXFLAGS) $(OTHER_CFLAGS)";
				OTHER_CFLAGS_profile = "$(OPT_CXFLAGS) $(OTHER_CFLAGS) -pg";
				OTHER_CPLUSPLUSFLAGS_debug = "$(OTHER_CPLUSPLUSFLAGS) -O0 -fno-inline";
				OTHER_CPLUSPLUSFLAGS_normal = "$(OPT_CPPXFLAGS) $(OTHER_CPLUSPLUSFLAGS)";
				OTHER_CPLUSPLUSFLAGS_profile = "$(OPT_CPPXFLAGS) $(OTHER_CPLUSPLUSFLAGS) -pg";
				OTHER_LDFLAGS_debug = "-framework SecurityTokend,_debug -framework Security,_debug -framework security_cdsa_client,_debug -framework security_cdsa_utilities,_debug -framework security_utilities,_debug";
				OTHER_LDFLAGS_normal = "$(OPT_LDXFLAGS) $(OTHER_LDFLAGS) -v -framework PCSC -framework SecurityTokend -framework Security -framework security_cdsa_client$(OPT_LDXNOPIC) -framework security_cdsa_utilities$(OPT_LDXNOPIC) -framework security_utilities$(OPT_LDXNOPIC)";
				OTHER_LDFLAGS_profile = "$(OPT_LDXFLAGS) $(OTHER_LDFLAGS) -v -pg _profile -framework PCSC,_profile -framework SecurityTokend,_profile -framework Security,_profile -framework security_cdsa_client,_profile  -framework security_cdsa_utilities,_profile -framework security_utilities,_profile";
				PRODUCT_NAME = EstEID;
				USER_HEADER_SEARCH_PATHS = "../src/ ./ ../ $(SRCROOT)/include";
				VERSIONING_SYSTEM = "apple-generic";
				WARNING_CFLAGS = (
					"-Wmost",
					"-Wno-four-char-constants",
					"-Wno-unknown-pragmas",
				);
				WRAPPER_EXTENSION = tokend;
				ZERO_LINK = NO;
			};
			name = Deployment;
		};
		C27AD2230987FCDC001272E0 /* Development */ = {
			isa = XCBuildConfiguration;
			buildSettings = {
				BUILD_NUMBER = 0;
				CONFIGURATION_BUILD_DIR = "$(BUILD_DIR)";
				CONFIGURATION_TEMP_DIR = "$(PROJECT_TEMP_DIR)";
				DEBUG_INFORMATION_FORMAT = "dwarf-with-dsym";
				FRAMEWORK_SEARCH_PATHS = "/usr/local/SecurityPieces/Frameworks/**";
				MACOSX_DEPLOYMENT_TARGET = 10.7;
				SDKROOT = macosx;
				VERSION = 3.11.0;
			};
			name = Development;
		};
		C27AD2240987FCDC001272E0 /* Deployment */ = {
			isa = XCBuildConfiguration;
			buildSettings = {
				BUILD_NUMBER = 0;
				CONFIGURATION_BUILD_DIR = "$(BUILD_DIR)";
				CONFIGURATION_TEMP_DIR = "$(PROJECT_TEMP_DIR)";
				DEBUG_INFORMATION_FORMAT = "dwarf-with-dsym";
				MACOSX_DEPLOYMENT_TARGET = 10.7;
				SDKROOT = macosx;
				VERSION = 3.11.0;
			};
			name = Deployment;
		};
/* End XCBuildConfiguration section */

/* Begin XCConfigurationList section */
		52B260760BC5A864007E00F1 /* Build configuration list for PBXNativeTarget "EstEID" */ = {
			isa = XCConfigurationList;
			buildConfigurations = (
				52B260770BC5A864007E00F1 /* Development */,
				52B260780BC5A864007E00F1 /* Deployment */,
			);
			defaultConfigurationIsVisible = 0;
			defaultConfigurationName = Deployment;
		};
		C27AD2220987FCDC001272E0 /* Build configuration list for PBXProject "Tokend" */ = {
			isa = XCConfigurationList;
			buildConfigurations = (
				C27AD2230987FCDC001272E0 /* Development */,
				C27AD2240987FCDC001272E0 /* Deployment */,
			);
			defaultConfigurationIsVisible = 0;
			defaultConfigurationName = Deployment;
		};
/* End XCConfigurationList section */
	};
	rootObject = 08FB7793FE84155DC02AAC07 /* Project object */;
}
